
Microsoft Visual Studio Solution File, Format Version 12.00
# Visual Studio 14
VisualStudioVersion = 14.0.23107.0
MinimumVisualStudioVersion = 10.0.40219.1
Project("{FAE04EC0-301F-11D3-BF4B-00C04F79EFBC}") = "andand-tap-scoping", "andand\andand-tap-scoping.csproj", "{1B5216BB-7CCC-43AC-AE3D-2D876727D1B2}"
EndProject
Project("{FAE04EC0-301F-11D3-BF4B-00C04F79EFBC}") = "goroutines", "goroutines\goroutines.csproj", "{AFCE2C8C-94D6-441C-9AD2-6B4C650BD5A9}"
EndProject
Project("{FAE04EC0-301F-11D3-BF4B-00C04F79EFBC}") = "optionals_enums", "optionals_enums\optionals_enums.csproj", "{7FA7C715-4966-4700-A841-735B0E61EA8E}"
EndProject
Project("{FAE04EC0-301F-11D3-BF4B-00C04F79EFBC}") = "WebApplication", "WebApplication\WebApplication.csproj", "{0B7A1139-48D0-4464-9728-D19F56810262}"
EndProject
Project("{8BC9CEB8-8B4A-11D0-8D11-00A0C91BC942}") = "CppZeroCostAbstraction", "CppZeroCostAbstraction\CppZeroCostAbstraction.vcxproj", "{C962CDE8-9982-4BB8-BED1-AFDDB7CF7CDF}"
EndProject
Project("{FAE04EC0-301F-11D3-BF4B-00C04F79EFBC}") = "CsZeroCostAbstraction", "CsZeroCostAbstraction\CsZeroCostAbstraction.csproj", "{72C374C0-1017-4479-AF6F-90CB8C19D055}"
EndProject
Project("{FAE04EC0-301F-11D3-BF4B-00C04F79EFBC}") = "SafeHandleCs", "SafeHandleCs\SafeHandleCs.csproj", "{88E10D5A-3A39-4FD5-96BE-3CBC3919B914}"
EndProject
Project("{8BC9CEB8-8B4A-11D0-8D11-00A0C91BC942}") = "SafeHandleCpp", "SafeHandleCpp\SafeHandleCpp.vcxproj", "{8A9CC409-ED1B-43A4-9F44-77ED10E47316}"
EndProject
Project("{FAE04EC0-301F-11D3-BF4B-00C04F79EFBC}") = "goroutines.test", "goroutines\goroutines.test\goroutines.test.csproj", "{EB7C448A-40E8-40C9-9CCA-E8D730AC45B3}"
EndProject
Project("{FAE04EC0-301F-11D3-BF4B-00C04F79EFBC}") = "SerialQueue", "SerialQueue\SerialQueue.csproj", "{1C3670E2-A6FE-4715-939F-83EEBA4B8DB9}"
EndProject
Project("{2150E333-8FDC-42A3-9474-1A3956D46DE8}") = "Solution Items", "Solution Items", "{F143DDCD-AC4D-4290-BA5F-659CB2C44BCD}"
	ProjectSection(SolutionItems) = preProject
		UNLICENSE.txt = UNLICENSE.txt
	EndProjectSection
EndProject
Project("{FAE04EC0-301F-11D3-BF4B-00C04F79EFBC}") = "goroutines-filescanner", "goroutines-filescanner\goroutines-filescanner.csproj", "{53C441BB-A7AA-461E-9CC6-1A3CBBD44D60}"
EndProject
Global
	GlobalSection(SolutionConfigurationPlatforms) = preSolution
		Debug|ARM = Debug|ARM
		Debug|x64 = Debug|x64
		Debug|x86 = Debug|x86
		Release|ARM = Release|ARM
		Release|x64 = Release|x64
		Release|x86 = Release|x86
	EndGlobalSection
	GlobalSection(ProjectConfigurationPlatforms) = postSolution
		{1B5216BB-7CCC-43AC-AE3D-2D876727D1B2}.Debug|ARM.ActiveCfg = Debug|x86
		{1B5216BB-7CCC-43AC-AE3D-2D876727D1B2}.Debug|x64.ActiveCfg = Debug|x86
		{1B5216BB-7CCC-43AC-AE3D-2D876727D1B2}.Debug|x86.ActiveCfg = Debug|x86
		{1B5216BB-7CCC-43AC-AE3D-2D876727D1B2}.Debug|x86.Build.0 = Debug|x86
		{1B5216BB-7CCC-43AC-AE3D-2D876727D1B2}.Release|ARM.ActiveCfg = Release|x86
		{1B5216BB-7CCC-43AC-AE3D-2D876727D1B2}.Release|x64.ActiveCfg = Release|x86
		{1B5216BB-7CCC-43AC-AE3D-2D876727D1B2}.Release|x86.ActiveCfg = Release|x86
		{1B5216BB-7CCC-43AC-AE3D-2D876727D1B2}.Release|x86.Build.0 = Release|x86
		{AFCE2C8C-94D6-441C-9AD2-6B4C650BD5A9}.Debug|ARM.ActiveCfg = Debug|x86
		{AFCE2C8C-94D6-441C-9AD2-6B4C650BD5A9}.Debug|x64.ActiveCfg = Debug|x86
		{AFCE2C8C-94D6-441C-9AD2-6B4C650BD5A9}.Debug|x86.ActiveCfg = Debug|x86
		{AFCE2C8C-94D6-441C-9AD2-6B4C650BD5A9}.Debug|x86.Build.0 = Debug|x86
		{AFCE2C8C-94D6-441C-9AD2-6B4C650BD5A9}.Release|ARM.ActiveCfg = Release|x86
		{AFCE2C8C-94D6-441C-9AD2-6B4C650BD5A9}.Release|x64.ActiveCfg = Release|x86
		{AFCE2C8C-94D6-441C-9AD2-6B4C650BD5A9}.Release|x86.ActiveCfg = Release|x86
		{AFCE2C8C-94D6-441C-9AD2-6B4C650BD5A9}.Release|x86.Build.0 = Release|x86
		{7FA7C715-4966-4700-A841-735B0E61EA8E}.Debug|ARM.ActiveCfg = Debug|x86
		{7FA7C715-4966-4700-A841-735B0E61EA8E}.Debug|x64.ActiveCfg = Debug|x86
		{7FA7C715-4966-4700-A841-735B0E61EA8E}.Debug|x86.ActiveCfg = Debug|x86
		{7FA7C715-4966-4700-A841-735B0E61EA8E}.Debug|x86.Build.0 = Debug|x86
		{7FA7C715-4966-4700-A841-735B0E61EA8E}.Release|ARM.ActiveCfg = Release|x86
		{7FA7C715-4966-4700-A841-735B0E61EA8E}.Release|x64.ActiveCfg = Release|x86
		{7FA7C715-4966-4700-A841-735B0E61EA8E}.Release|x86.ActiveCfg = Release|x86
		{7FA7C715-4966-4700-A841-735B0E61EA8E}.Release|x86.Build.0 = Release|x86
		{0B7A1139-48D0-4464-9728-D19F56810262}.Debug|ARM.ActiveCfg = Debug|Any CPU
		{0B7A1139-48D0-4464-9728-D19F56810262}.Debug|ARM.Build.0 = Debug|Any CPU
		{0B7A1139-48D0-4464-9728-D19F56810262}.Debug|x64.ActiveCfg = Debug|Any CPU
		{0B7A1139-48D0-4464-9728-D19F56810262}.Debug|x64.Build.0 = Debug|Any CPU
		{0B7A1139-48D0-4464-9728-D19F56810262}.Debug|x86.ActiveCfg = Debug|Any CPU
		{0B7A1139-48D0-4464-9728-D19F56810262}.Debug|x86.Build.0 = Debug|Any CPU
		{0B7A1139-48D0-4464-9728-D19F56810262}.Release|ARM.ActiveCfg = Release|Any CPU
		{0B7A1139-48D0-4464-9728-D19F56810262}.Release|ARM.Build.0 = Release|Any CPU
		{0B7A1139-48D0-4464-9728-D19F56810262}.Release|x64.ActiveCfg = Release|Any CPU
		{0B7A1139-48D0-4464-9728-D19F56810262}.Release|x64.Build.0 = Release|Any CPU
		{0B7A1139-48D0-4464-9728-D19F56810262}.Release|x86.ActiveCfg = Release|Any CPU
		{0B7A1139-48D0-4464-9728-D19F56810262}.Release|x86.Build.0 = Release|Any CPU
		{C962CDE8-9982-4BB8-BED1-AFDDB7CF7CDF}.Debug|ARM.ActiveCfg = Debug|Win32
		{C962CDE8-9982-4BB8-BED1-AFDDB7CF7CDF}.Debug|x64.ActiveCfg = Debug|Win32
		{C962CDE8-9982-4BB8-BED1-AFDDB7CF7CDF}.Debug|x86.ActiveCfg = Debug|Win32
		{C962CDE8-9982-4BB8-BED1-AFDDB7CF7CDF}.Debug|x86.Build.0 = Debug|Win32
		{C962CDE8-9982-4BB8-BED1-AFDDB7CF7CDF}.Release|ARM.ActiveCfg = Release|Win32
		{C962CDE8-9982-4BB8-BED1-AFDDB7CF7CDF}.Release|x64.ActiveCfg = Release|Win32
		{C962CDE8-9982-4BB8-BED1-AFDDB7CF7CDF}.Release|x86.ActiveCfg = Release|Win32
		{C962CDE8-9982-4BB8-BED1-AFDDB7CF7CDF}.Release|x86.Build.0 = Release|Win32
		{72C374C0-1017-4479-AF6F-90CB8C19D055}.Debug|ARM.ActiveCfg = Debug|Any CPU
		{72C374C0-1017-4479-AF6F-90CB8C19D055}.Debug|ARM.Build.0 = Debug|Any CPU
		{72C374C0-1017-4479-AF6F-90CB8C19D055}.Debug|x64.ActiveCfg = Debug|Any CPU
		{72C374C0-1017-4479-AF6F-90CB8C19D055}.Debug|x64.Build.0 = Debug|Any CPU
		{72C374C0-1017-4479-AF6F-90CB8C19D055}.Debug|x86.ActiveCfg = Debug|Any CPU
		{72C374C0-1017-4479-AF6F-90CB8C19D055}.Debug|x86.Build.0 = Debug|Any CPU
		{72C374C0-1017-4479-AF6F-90CB8C19D055}.Release|ARM.ActiveCfg = Release|Any CPU
		{72C374C0-1017-4479-AF6F-90CB8C19D055}.Release|ARM.Build.0 = Release|Any CPU
		{72C374C0-1017-4479-AF6F-90CB8C19D055}.Release|x64.ActiveCfg = Release|Any CPU
		{72C374C0-1017-4479-AF6F-90CB8C19D055}.Release|x64.Build.0 = Release|Any CPU
		{72C374C0-1017-4479-AF6F-90CB8C19D055}.Release|x86.ActiveCfg = Release|Any CPU
		{72C374C0-1017-4479-AF6F-90CB8C19D055}.Release|x86.Build.0 = Release|Any CPU
		{88E10D5A-3A39-4FD5-96BE-3CBC3919B914}.Debug|ARM.ActiveCfg = Debug|Any CPU
		{88E10D5A-3A39-4FD5-96BE-3CBC3919B914}.Debug|ARM.Build.0 = Debug|Any CPU
		{88E10D5A-3A39-4FD5-96BE-3CBC3919B914}.Debug|x64.ActiveCfg = Debug|Any CPU
		{88E10D5A-3A39-4FD5-96BE-3CBC3919B914}.Debug|x64.Build.0 = Debug|Any CPU
		{88E10D5A-3A39-4FD5-96BE-3CBC3919B914}.Debug|x86.ActiveCfg = Debug|Any CPU
		{88E10D5A-3A39-4FD5-96BE-3CBC3919B914}.Debug|x86.Build.0 = Debug|Any CPU
		{88E10D5A-3A39-4FD5-96BE-3CBC3919B914}.Release|ARM.ActiveCfg = Release|Any CPU
		{88E10D5A-3A39-4FD5-96BE-3CBC3919B914}.Release|ARM.Build.0 = Release|Any CPU
		{88E10D5A-3A39-4FD5-96BE-3CBC3919B914}.Release|x64.ActiveCfg = Release|Any CPU
		{88E10D5A-3A39-4FD5-96BE-3CBC3919B914}.Release|x64.Build.0 = Release|Any CPU
		{88E10D5A-3A39-4FD5-96BE-3CBC3919B914}.Release|x86.ActiveCfg = Release|Any CPU
		{88E10D5A-3A39-4FD5-96BE-3CBC3919B914}.Release|x86.Build.0 = Release|Any CPU
		{8A9CC409-ED1B-43A4-9F44-77ED10E47316}.Debug|ARM.ActiveCfg = Debug|Win32
		{8A9CC409-ED1B-43A4-9F44-77ED10E47316}.Debug|x64.ActiveCfg = Debug|Win32
		{8A9CC409-ED1B-43A4-9F44-77ED10E47316}.Debug|x86.ActiveCfg = Debug|Win32
		{8A9CC409-ED1B-43A4-9F44-77ED10E47316}.Debug|x86.Build.0 = Debug|Win32
		{8A9CC409-ED1B-43A4-9F44-77ED10E47316}.Release|ARM.ActiveCfg = Release|Win32
		{8A9CC409-ED1B-43A4-9F44-77ED10E47316}.Release|x64.ActiveCfg = Release|Win32
		{8A9CC409-ED1B-43A4-9F44-77ED10E47316}.Release|x86.ActiveCfg = Release|Win32
		{8A9CC409-ED1B-43A4-9F44-77ED10E47316}.Release|x86.Build.0 = Release|Win32
		{EB7C448A-40E8-40C9-9CCA-E8D730AC45B3}.Debug|ARM.ActiveCfg = Debug|Any CPU
		{EB7C448A-40E8-40C9-9CCA-E8D730AC45B3}.Debug|ARM.Build.0 = Debug|Any CPU
		{EB7C448A-40E8-40C9-9CCA-E8D730AC45B3}.Debug|x64.ActiveCfg = Debug|Any CPU
		{EB7C448A-40E8-40C9-9CCA-E8D730AC45B3}.Debug|x64.Build.0 = Debug|Any CPU
		{EB7C448A-40E8-40C9-9CCA-E8D730AC45B3}.Debug|x86.ActiveCfg = Debug|Any CPU
		{EB7C448A-40E8-40C9-9CCA-E8D730AC45B3}.Debug|x86.Build.0 = Debug|Any CPU
		{EB7C448A-40E8-40C9-9CCA-E8D730AC45B3}.Release|ARM.ActiveCfg = Release|Any CPU
		{EB7C448A-40E8-40C9-9CCA-E8D730AC45B3}.Release|ARM.Build.0 = Release|Any CPU
		{EB7C448A-40E8-40C9-9CCA-E8D730AC45B3}.Release|x64.ActiveCfg = Release|Any CPU
		{EB7C448A-40E8-40C9-9CCA-E8D730AC45B3}.Release|x64.Build.0 = Release|Any CPU
		{EB7C448A-40E8-40C9-9CCA-E8D730AC45B3}.Release|x86.ActiveCfg = Release|Any CPU
		{EB7C448A-40E8-40C9-9CCA-E8D730AC45B3}.Release|x86.Build.0 = Release|Any CPU
		{1C3670E2-A6FE-4715-939F-83EEBA4B8DB9}.Debug|ARM.ActiveCfg = Debug|Any CPU
		{1C3670E2-A6FE-4715-939F-83EEBA4B8DB9}.Debug|ARM.Build.0 = Debug|Any CPU
		{1C3670E2-A6FE-4715-939F-83EEBA4B8DB9}.Debug|x64.ActiveCfg = Debug|Any CPU
		{1C3670E2-A6FE-4715-939F-83EEBA4B8DB9}.Debug|x64.Build.0 = Debug|Any CPU
		{1C3670E2-A6FE-4715-939F-83EEBA4B8DB9}.Debug|x86.ActiveCfg = Debug|Any CPU
		{1C3670E2-A6FE-4715-939F-83EEBA4B8DB9}.Debug|x86.Build.0 = Debug|Any CPU
		{1C3670E2-A6FE-4715-939F-83EEBA4B8DB9}.Release|ARM.ActiveCfg = Release|Any CPU
		{1C3670E2-A6FE-4715-939F-83EEBA4B8DB9}.Release|ARM.Build.0 = Release|Any CPU
		{1C3670E2-A6FE-4715-939F-83EEBA4B8DB9}.Release|x64.ActiveCfg = Release|x64
		{1C3670E2-A6FE-4715-939F-83EEBA4B8DB9}.Release|x64.Build.0 = Release|x64
		{1C3670E2-A6FE-4715-939F-83EEBA4B8DB9}.Release|x86.ActiveCfg = Release|x86
		{1C3670E2-A6FE-4715-939F-83EEBA4B8DB9}.Release|x86.Build.0 = Release|x86
		{53C441BB-A7AA-461E-9CC6-1A3CBBD44D60}.Debug|ARM.ActiveCfg = Debug|ARM
		{53C441BB-A7AA-461E-9CC6-1A3CBBD44D60}.Debug|ARM.Build.0 = Debug|ARM
		{53C441BB-A7AA-461E-9CC6-1A3CBBD44D60}.Debug|ARM.Deploy.0 = Debug|ARM
		{53C441BB-A7AA-461E-9CC6-1A3CBBD44D60}.Debug|x64.ActiveCfg = Debug|x64
		{53C441BB-A7AA-461E-9CC6-1A3CBBD44D60}.Debug|x64.Build.0 = Debug|x64
		{53C441BB-A7AA-461E-9CC6-1A3CBBD44D60}.Debug|x64.Deploy.0 = Debug|x64
		{53C441BB-A7AA-461E-9CC6-1A3CBBD44D60}.Debug|x86.ActiveCfg = Debug|x86
		{53C441BB-A7AA-461E-9CC6-1A3CBBD44D60}.Debug|x86.Build.0 = Debug|x86
		{53C441BB-A7AA-461E-9CC6-1A3CBBD44D60}.Debug|x86.Deploy.0 = Debug|x86
		{53C441BB-A7AA-461E-9CC6-1A3CBBD44D60}.Release|ARM.ActiveCfg = Release|ARM
		{53C441BB-A7AA-461E-9CC6-1A3CBBD44D60}.Release|ARM.Build.0 = Release|ARM
		{53C441BB-A7AA-461E-9CC6-1A3CBBD44D60}.Release|ARM.Deploy.0 = Release|ARM
		{53C441BB-A7AA-461E-9CC6-1A3CBBD44D60}.Release|x64.ActiveCfg = Release|x64
		{53C441BB-A7AA-461E-9CC6-1A3CBBD44D60}.Release|x64.Build.0 = Release|x64
		{53C441BB-A7AA-461E-9CC6-1A3CBBD44D60}.Release|x64.Deploy.0 = Release|x64
		{53C441BB-A7AA-461E-9CC6-1A3CBBD44D60}.Release|x86.ActiveCfg = Release|x86
		{53C441BB-A7AA-461E-9CC6-1A3CBBD44D60}.Release|x86.Build.0 = Release|x86
		{53C441BB-A7AA-461E-9CC6-1A3CBBD44D60}.Release|x86.Deploy.0 = Release|x86
	EndGlobalSection
	GlobalSection(SolutionProperties) = preSolution
		HideSolutionNode = FALSE
	EndGlobalSection
EndGlobal
