
Microsoft Visual Studio Solution File, Format Version 12.00
# Visual Studio 2012
Project("{FAE04EC0-301F-11D3-BF4B-00C04F79EFBC}") = "ignite2015", "ignite2015\ignite2015.csproj", "{A50A5DD2-957E-47D0-8CF9-3A9153261364}"
EndProject
Project("{FAE04EC0-301F-11D3-BF4B-00C04F79EFBC}") = "andand", "andand\andand.csproj", "{1B5216BB-7CCC-43AC-AE3D-2D876727D1B2}"
EndProject
Project("{FAE04EC0-301F-11D3-BF4B-00C04F79EFBC}") = "goroutines", "goroutines\goroutines.csproj", "{AFCE2C8C-94D6-441C-9AD2-6B4C650BD5A9}"
EndProject
Global
	GlobalSection(SolutionConfigurationPlatforms) = preSolution
		Debug|x86 = Debug|x86
		Release|x86 = Release|x86
	EndGlobalSection
	GlobalSection(ProjectConfigurationPlatforms) = postSolution
		{1B5216BB-7CCC-43AC-AE3D-2D876727D1B2}.Debug|x86.ActiveCfg = Debug|x86
		{1B5216BB-7CCC-43AC-AE3D-2D876727D1B2}.Debug|x86.Build.0 = Debug|x86
		{1B5216BB-7CCC-43AC-AE3D-2D876727D1B2}.Release|x86.ActiveCfg = Release|x86
		{1B5216BB-7CCC-43AC-AE3D-2D876727D1B2}.Release|x86.Build.0 = Release|x86
		{A50A5DD2-957E-47D0-8CF9-3A9153261364}.Debug|x86.ActiveCfg = Debug|x86
		{A50A5DD2-957E-47D0-8CF9-3A9153261364}.Debug|x86.Build.0 = Debug|x86
		{A50A5DD2-957E-47D0-8CF9-3A9153261364}.Release|x86.ActiveCfg = Release|x86
		{A50A5DD2-957E-47D0-8CF9-3A9153261364}.Release|x86.Build.0 = Release|x86
		{AFCE2C8C-94D6-441C-9AD2-6B4C650BD5A9}.Debug|x86.ActiveCfg = Debug|x86
		{AFCE2C8C-94D6-441C-9AD2-6B4C650BD5A9}.Debug|x86.Build.0 = Debug|x86
		{AFCE2C8C-94D6-441C-9AD2-6B4C650BD5A9}.Release|x86.ActiveCfg = Release|x86
		{AFCE2C8C-94D6-441C-9AD2-6B4C650BD5A9}.Release|x86.Build.0 = Release|x86
	EndGlobalSection
EndGlobal
